
Microsoft Visual Studio Solution File, Format Version 12.00
# Visual Studio Version 17
VisualStudioVersion = 17.6.33723.286
MinimumVisualStudioVersion = 10.0.40219.1
Project("{FAE04EC0-301F-11D3-BF4B-00C04F79EFBC}") = "BlogDataLibrary", "BlogDataLibrary\BlogDataLibrary.csproj", "{8F3BD04C-1208-46D8-9AAF-FB1478AE8AF1}"
EndProject
Project("{00D1A9C2-B5F0-4AF3-8072-F6C62B433612}") = "AquinoBlogDB", "AquinoBlogDB\AquinoBlogDB.sqlproj", "{9DE8CB87-04A3-486D-AEDC-C05941DDCEC1}"
EndProject
Project("{FAE04EC0-301F-11D3-BF4B-00C04F79EFBC}") = "BlogTestUI", "BlogTestUI\BlogTestUI.csproj", "{140B57B7-F1E2-4AA5-ABE7-F429F9B840A6}"
EndProject
Global
	GlobalSection(SolutionConfigurationPlatforms) = preSolution
		Debug|Any CPU = Debug|Any CPU
		Release|Any CPU = Release|Any CPU
	EndGlobalSection
	GlobalSection(ProjectConfigurationPlatforms) = postSolution
		{8F3BD04C-1208-46D8-9AAF-FB1478AE8AF1}.Debug|Any CPU.ActiveCfg = Debug|Any CPU
		{8F3BD04C-1208-46D8-9AAF-FB1478AE8AF1}.Debug|Any CPU.Build.0 = Debug|Any CPU
		{8F3BD04C-1208-46D8-9AAF-FB1478AE8AF1}.Release|Any CPU.ActiveCfg = Release|Any CPU
		{8F3BD04C-1208-46D8-9AAF-FB1478AE8AF1}.Release|Any CPU.Build.0 = Release|Any CPU
		{9DE8CB87-04A3-486D-AEDC-C05941DDCEC1}.Debug|Any CPU.ActiveCfg = Debug|Any CPU
		{9DE8CB87-04A3-486D-AEDC-C05941DDCEC1}.Debug|Any CPU.Build.0 = Debug|Any CPU
		{9DE8CB87-04A3-486D-AEDC-C05941DDCEC1}.Debug|Any CPU.Deploy.0 = Debug|Any CPU
		{9DE8CB87-04A3-486D-AEDC-C05941DDCEC1}.Release|Any CPU.ActiveCfg = Release|Any CPU
		{9DE8CB87-04A3-486D-AEDC-C05941DDCEC1}.Release|Any CPU.Build.0 = Release|Any CPU
		{9DE8CB87-04A3-486D-AEDC-C05941DDCEC1}.Release|Any CPU.Deploy.0 = Release|Any CPU
		{140B57B7-F1E2-4AA5-ABE7-F429F9B840A6}.Debug|Any CPU.ActiveCfg = Debug|Any CPU
		{140B57B7-F1E2-4AA5-ABE7-F429F9B840A6}.Debug|Any CPU.Build.0 = Debug|Any CPU
		{140B57B7-F1E2-4AA5-ABE7-F429F9B840A6}.Release|Any CPU.ActiveCfg = Release|Any CPU
		{140B57B7-F1E2-4AA5-ABE7-F429F9B840A6}.Release|Any CPU.Build.0 = Release|Any CPU
	EndGlobalSection
	GlobalSection(SolutionProperties) = preSolution
		HideSolutionNode = FALSE
	EndGlobalSection
	GlobalSection(ExtensibilityGlobals) = postSolution
		SolutionGuid = {52D0FF33-2EC3-4E06-9849-CA8FD7832BB1}
	EndGlobalSection
EndGlobal
